
Microsoft Visual Studio Solution File, Format Version 12.00
# Visual Studio Version 16
VisualStudioVersion = 16.0.31729.503
MinimumVisualStudioVersion = 10.0.40219.1
Project("{FAE04EC0-301F-11D3-BF4B-00C04F79EFBC}") = "Projekt-Ruediger", "Projekt-Ruediger\Projekt-Ruediger.csproj", "{DF61AEB3-3DE0-4A12-B088-980EC27071E3}"
EndProject
Global
	GlobalSection(SolutionConfigurationPlatforms) = preSolution
		Debug|Any CPU = Debug|Any CPU
		Release|Any CPU = Release|Any CPU
	EndGlobalSection
	GlobalSection(ProjectConfigurationPlatforms) = postSolution
		{DF61AEB3-3DE0-4A12-B088-980EC27071E3}.Debug|Any CPU.ActiveCfg = Debug|Any CPU
		{DF61AEB3-3DE0-4A12-B088-980EC27071E3}.Debug|Any CPU.Build.0 = Debug|Any CPU
		{DF61AEB3-3DE0-4A12-B088-980EC27071E3}.Release|Any CPU.ActiveCfg = Release|Any CPU
		{DF61AEB3-3DE0-4A12-B088-980EC27071E3}.Release|Any CPU.Build.0 = Release|Any CPU
	EndGlobalSection
	GlobalSection(SolutionProperties) = preSolution
		HideSolutionNode = FALSE
	EndGlobalSection
	GlobalSection(ExtensibilityGlobals) = postSolution
		SolutionGuid = {1DEAC3C5-3B68-4C59-92B4-50F543B1D55C}
	EndGlobalSection
EndGlobal
